github.com/davecgh/go-spew v1.1.0 h1:ZDRjVQ15GmhC3fiQ8ni8+OwkZQO4DARzQgrnXU1Liz8=
github.com/davecgh/go-spew v1.1.0/go.mod h1:J7Y8YcW2NihsgmVo/mv3lAwl/skON4iLHjSsI+c5H38=
github.com/hanwen/go-fuse v1.0.0 h1:GxS9Zrn6c35/BnfiVsZVWmsG803xwE7eVRDvcf/BEVc=
github.com/hanwen/go-fuse v1.0.0/go.mod h1:unqXarDXqzAk0rt98O2tVndEPIpUgLD9+rwFisZH3Ok=
github.com/hanwen/go-fuse/v2 v2.1.1-0.20210508151621-62c5aa1919a7 h1:9K/MBPvPptwwCYIw8gBi/Sup5Uw8UeYlyKBxxzl931Y=
github.com/hanwen/go-fuse/v2 v2.1.1-0.20210508151621-62c5aa1919a7/go.mod h1:oRyA5eK+pvJyv5otpO/DgccS8y/RvYMaO00GgRLGryc=
github.com/jacobsa/crypto v0.0.0-20190317225127-9f44e2d11115 h1:YuDUUFNM21CAbyPOpOP8BicaTD/0klJEKt5p8yuw+uY=
github.com/jacobsa/crypto v0.0.0-20190317225127-9f44e2d11115/go.mod h1:LadVJg0XuawGk+8L1rYnIED8451UyNxEMdTWCEt5kmU=
github.com/jacobsa/oglematchers v0.0.0-20150720000706-141901ea67cd h1:9GCSedGjMcLZCrusBZuo4tyKLpKUPenUUqi34AkuFmA=
github.com/jacobsa/oglematchers v0.0.0-20150720000706-141901ea67cd/go.mod h1:TlmyIZDpGmwRoTWiakdr+HA1Tukze6C6XbRVidYq02M=
github.com/jacobsa/oglemock v0.0.0-20150831005832-e94d794d06ff h1:2xRHTvkpJ5zJmglXLRqHiZQNjUoOkhUyhTAhEQvPAWw=
github.com/jacobsa/oglemock v0.0.0-20150831005832-e94d794d06ff/go.mod h1:gJWba/XXGl0UoOmBQKRWCJdHrr3nE0T65t6ioaj3mLI=
github.com/jacobsa/ogletest v0.0.0-20170503003838-80d50a735a11 h1:BMb8s3ENQLt5ulwVIHVDWFHp8eIXmbfSExkvdn9qMXI=
github.com/jacobsa/ogletest v0.0.0-20170503003838-80d50a735a11/go.mod h1:+DBdDyfoO2McrOyDemRBq0q9CMEByef7sYl7JH5Q3BI=
github.com/jacobsa/reqtrace v0.0.0-20150505043853-245c9e0234cb h1:uSWBjJdMf47kQlXMwWEfmc864bA1wAC+Kl3ApryuG9Y=
github.com/jacobsa/reqtrace v0.0.0-20150505043853-245c9e0234cb/go.mod h1:ivcmUvxXWjb27NsPEaiYK7AidlZXS7oQ5PowUS9z3I4=
github.com/kylelemons/godebug v0.0.0-20170820004349-d65d576e9348 h1:MtvEpTB6LX3vkb4ax0b5D2DHbNAUsen0Gx5wZoq3lV4=
github.com/kylelemons/godebug v0.0.0-20170820004349-d65d576e9348/go.mod h1:B69LEHPfb2qLo0BaaOLcbitczOKLWTsrBG9LczfCD4k=
github.com/pkg/xattr v0.4.1 h1:dhclzL6EqOXNaPDWqoeb9tIxATfBSmjqL0b4DpSjwRw=
github.com/pkg/xattr v0.4.1/go.mod h1:W2cGD0TBEus7MkUgv0tNZ9JutLtVO3cXu+IBRuHqnFs=
github.com/pmezard/go-difflib v1.0.0 h1:4DBwDE0NGyQoBHbLQYPwSUPoCMWR5BEzIk/f1lZbAQM=
github.com/pmezard/go-difflib v1.0.0/go.mod h1:iKH77koFhYxTK1pcRnkKkqfTogsbg7gZNVY4sRDYZ/4=
github.com/rfjakob/eme v1.1.1 h1:t+CgvcOn+eDvj2xdglxsSnkgg8LM8jwdxnV7OnsrTn0=
github.com/rfjakob/eme v1.1.1/go.mod h1:U2bmx0hDj8EyDdcxmD5t3XHDnBFnyNNc22n1R4008eM=
github.com/sabhiram/go-gitignore v0.0.0-20180611051255-d3107576ba94 h1:G04eS0JkAIVZfaJLjla9dNxkJCPiKIGZlw9AfOhzOD0=
github.com/sabhiram/go-gitignore v0.0.0-20180611051255-d3107576ba94/go.mod h1:b18R55ulyQ/h3RaWyloPyER7fWQVZvimKKhnI5OfrJQ=
github.com/stretchr/objx v0.1.0/go.mod h1:HFkY916IF+rwdDfMAkV7OtwuqBVzrE8GR6GFx+wExME=
github.com/stretchr/testify v1.5.1 h1:nOGnQDM7FYENwehXlg/kFVnos3rEvtKTjRvOWSzb6H4=
github.com/stretchr/testify v1.5.1/go.mod h1:5W2xD1RspED5o8YsWQXVCued0rvSQ+mT+I5cxcmMvtA=
golang.org/x/crypto v0.0.0-20190308221718-c2843e01d9a2/go.mod h1:djNgcEr1/C05ACkg1iLfiJU5Ep61QUkGW8qpdssI0+w=
golang.org/x/crypto v0.0.0-20200429183012-4b2356b1ed79 h1:IaQbIIB2X/Mp/DKctl6ROxz1KyMlKp4uyvL6+kQ7C88=
golang.org/x/crypto v0.0.0-20200429183012-4b2356b1ed79/go.mod h1:LzIPMQfyMNhhGPhUkYOs5KpL4U8rLKemX1yGLhDgUto=
golang.org/x/net v0.0.0-20190404232315-eb5bcb51f2a3/go.mod h1:t9HGtf8HONx5eT2rtn7q6eTqICYqUVnKs3thJo3Qplg=
golang.org/x/net v0.0.0-20200324143707-d3edc9973b7e h1:3G+cUijn7XD+S4eJFddp53Pv7+slrESplyjG25HgL+k=
golang.org/x/net v0.0.0-20200324143707-d3edc9973b7e/go.mod h1:qpuaurCH72eLCgpAm/N6yyVIVM9cpaDIP3A8BGJEC5A=
golang.org/x/sync v0.0.0-20201207232520-09787c993a3a/go.mod h1:RxMgew5VJxzue5/jJTE5uejpjVlOe/izrB70Jof72aM=
golang.org/x/sys v0.0.0-20180830151530-49385e6e1522/go.mod h1:STP8DvDyc/dI5b8T5hshtkjS+E42TnysNCUPdjciGhY=
golang.org/x/sys v0.0.0-20181021155630-eda9bb28ed51/go.mod h1:STP8DvDyc/dI5b8T5hshtkjS+E42TnysNCUPdjciGhY=
golang.org/x/sys v0.0.0-20190215142949-d0b11bdaac8a/go.mod h1:STP8DvDyc/dI5b8T5hshtkjS+E42TnysNCUPdjciGhY=
golang.org/x/sys v0.0.0-20190412213103-97732733099d/go.mod h1:h1NjWce9XRLGQEsW7wpKNCjG9DtNlClVuFLEZdDNbEs=
golang.org/x/sys v0.0.0-20200323222414-85ca7c5b95cd/go.mod h1:h1NjWce9XRLGQEsW7wpKNCjG9DtNlClVuFLEZdDNbEs=
golang.org/x/sys v0.0.0-20200501145240-bc7a7d42d5c3 h1:5B6i6EAiSYyejWfvc5Rc9BbI3rzIsrrXfAQBWnYfn+w=
golang.org/x/sys v0.0.0-20200501145240-bc7a7d42d5c3/go.mod h1:h1NjWce9XRLGQEsW7wpKNCjG9DtNlClVuFLEZdDNbEs=
golang.org/x/text v0.3.0/go.mod h1:NqM8EUOU14njkJ3fqMW+pc6Ldnwhi/IjpwHt7yyuwOQ=
gopkg.in/check.v1 v0.0.0-20161208181325-20d25e280405 h1:yhCVgyC4o1eVCa2tZl7eS0r+SDo693bJlVdllGtEeKM=
gopkg.in/check.v1 v0.0.0-20161208181325-20d25e280405/go.mod h1:Co6ibVJAznAaIkqp8huTwlJQCZ016jof/cbN4VW5Yz0=
gopkg.in/yaml.v2 v2.2.2 h1:ZCJp+EgiOT7lHqUV2J862kp8Qj64Jo6az82+3Td9dZw=
gopkg.in/yaml.v2 v2.2.2/go.mod h1:hI93XBmqTisBFMUTm0b8Fm+jr3Dg1NNxqwp+5A1VGuI=
