github.com/davecgh/go-spew v1.1.0 h1:ZDRjVQ15GmhC3fiQ8ni8+OwkZQO4DARzQgrnXU1Liz8=
github.com/davecgh/go-spew v1.1.0/go.mod h1:J7Y8YcW2NihsgmVo/mv3lAwl/skON4iLHjSsI+c5H38=
github.com/hanwen/go-fuse/v2 v2.1.1-0.20210825171523-3ab5d95a30ae h1:4CB6T4YTUVvnro5ba8ju1QCbOuyGAeF3vvKlo50EJ4k=
github.com/hanwen/go-fuse/v2 v2.1.1-0.20210825171523-3ab5d95a30ae/go.mod h1:B1nGE/6RBFyBRC1RRnf23UpwCdyJ31eukw34oAKukAc=
github.com/jacobsa/crypto v0.0.0-20190317225127-9f44e2d11115 h1:YuDUUFNM21CAbyPOpOP8BicaTD/0klJEKt5p8yuw+uY=
github.com/jacobsa/crypto v0.0.0-20190317225127-9f44e2d11115/go.mod h1:LadVJg0XuawGk+8L1rYnIED8451UyNxEMdTWCEt5kmU=
github.com/jacobsa/oglematchers v0.0.0-20150720000706-141901ea67cd h1:9GCSedGjMcLZCrusBZuo4tyKLpKUPenUUqi34AkuFmA=
github.com/jacobsa/oglematchers v0.0.0-20150720000706-141901ea67cd/go.mod h1:TlmyIZDpGmwRoTWiakdr+HA1Tukze6C6XbRVidYq02M=
github.com/jacobsa/oglemock v0.0.0-20150831005832-e94d794d06ff h1:2xRHTvkpJ5zJmglXLRqHiZQNjUoOkhUyhTAhEQvPAWw=
github.com/jacobsa/oglemock v0.0.0-20150831005832-e94d794d06ff/go.mod h1:gJWba/XXGl0UoOmBQKRWCJdHrr3nE0T65t6ioaj3mLI=
github.com/jacobsa/ogletest v0.0.0-20170503003838-80d50a735a11 h1:BMb8s3ENQLt5ulwVIHVDWFHp8eIXmbfSExkvdn9qMXI=
github.com/jacobsa/ogletest v0.0.0-20170503003838-80d50a735a11/go.mod h1:+DBdDyfoO2McrOyDemRBq0q9CMEByef7sYl7JH5Q3BI=
github.com/jacobsa/reqtrace v0.0.0-20150505043853-245c9e0234cb h1:uSWBjJdMf47kQlXMwWEfmc864bA1wAC+Kl3ApryuG9Y=
github.com/jacobsa/reqtrace v0.0.0-20150505043853-245c9e0234cb/go.mod h1:ivcmUvxXWjb27NsPEaiYK7AidlZXS7oQ5PowUS9z3I4=
github.com/kylelemons/godebug v0.0.0-20170820004349-d65d576e9348 h1:MtvEpTB6LX3vkb4ax0b5D2DHbNAUsen0Gx5wZoq3lV4=
github.com/kylelemons/godebug v0.0.0-20170820004349-d65d576e9348/go.mod h1:B69LEHPfb2qLo0BaaOLcbitczOKLWTsrBG9LczfCD4k=
github.com/pkg/xattr v0.4.3 h1:5Jx4GCg5ABtqWZH8WLzeI4fOtM1HyX4RBawuCoua1es=
github.com/pkg/xattr v0.4.3/go.mod h1:sBD3RAqlr8Q+RC3FutZcikpT8nyDrIEEBw2J744gVWs=
github.com/pmezard/go-difflib v1.0.0 h1:4DBwDE0NGyQoBHbLQYPwSUPoCMWR5BEzIk/f1lZbAQM=
github.com/pmezard/go-difflib v1.0.0/go.mod h1:iKH77koFhYxTK1pcRnkKkqfTogsbg7gZNVY4sRDYZ/4=
github.com/rfjakob/eme v1.1.2 h1:SxziR8msSOElPayZNFfQw4Tjx/Sbaeeh3eRvrHVMUs4=
github.com/rfjakob/eme v1.1.2/go.mod h1:cVvpasglm/G3ngEfcfT/Wt0GwhkuO32pf/poW6Nyk1k=
github.com/sabhiram/go-gitignore v0.0.0-20201211210132-54b8a0bf510f h1:8P2MkG70G76gnZBOPGwmMIgwBb/rESQuwsJ7K8ds4NE=
github.com/sabhiram/go-gitignore v0.0.0-20201211210132-54b8a0bf510f/go.mod h1:+ePHsJ1keEjQtpvf9HHw0f4ZeJ0TLRsxhunSI2hYJSs=
github.com/spf13/pflag v1.0.5 h1:iy+VFUOCP1a+8yFto/drg2CJ5u0yRoB7fZw3DKv/JXA=
github.com/spf13/pflag v1.0.5/go.mod h1:McXfInJRrz4CZXVZOBLb0bTZqETkiAhM9Iw0y3An2Bg=
github.com/stretchr/objx v0.1.0/go.mod h1:HFkY916IF+rwdDfMAkV7OtwuqBVzrE8GR6GFx+wExME=
github.com/stretchr/testify v1.6.1 h1:hDPOHmpOpP40lSULcqw7IrRb/u7w6RpDC9399XyoNd0=
github.com/stretchr/testify v1.6.1/go.mod h1:6Fq8oRcR53rry900zMqJjRRixrwX3KX962/h/Wwjteg=
golang.org/x/crypto v0.0.0-20210817164053-32db794688a5 h1:HWj/xjIHfjYU5nVXpTM0s39J9CbLn7Cc5a7IC5rwsMQ=
golang.org/x/crypto v0.0.0-20210817164053-32db794688a5/go.mod h1:GvvjBRRGRdwPK5ydBHafDWAxML/pGHZbMvKqRZ5+Abc=
golang.org/x/net v0.0.0-20210226172049-e18ecbb05110/go.mod h1:m0MpNAwzfU5UDzcl9v0D8zg8gWTRqZa9RBIspLL5mdg=
golang.org/x/net v0.0.0-20210813160813-60bc85c4be6d h1:LO7XpTYMwTqxjLcGWPijK3vRXg1aWdlNOVOHRq45d7c=
golang.org/x/net v0.0.0-20210813160813-60bc85c4be6d/go.mod h1:9nx3DQGgdP8bBQD5qxJ1jj9UTztislL4KSBs9R2vV5Y=
golang.org/x/sync v0.0.0-20201207232520-09787c993a3a/go.mod h1:RxMgew5VJxzue5/jJTE5uejpjVlOe/izrB70Jof72aM=
golang.org/x/sys v0.0.0-20180830151530-49385e6e1522/go.mod h1:STP8DvDyc/dI5b8T5hshtkjS+E42TnysNCUPdjciGhY=
golang.org/x/sys v0.0.0-20201101102859-da207088b7d1/go.mod h1:h1NjWce9XRLGQEsW7wpKNCjG9DtNlClVuFLEZdDNbEs=
golang.org/x/sys v0.0.0-20201119102817-f84b799fce68/go.mod h1:h1NjWce9XRLGQEsW7wpKNCjG9DtNlClVuFLEZdDNbEs=
golang.org/x/sys v0.0.0-20210423082822-04245dca01da/go.mod h1:h1NjWce9XRLGQEsW7wpKNCjG9DtNlClVuFLEZdDNbEs=
golang.org/x/sys v0.0.0-20210615035016-665e8c7367d1/go.mod h1:oPkhp1MJrh7nUepCBck5+mAzfO9JrbApNNgaTdGDITg=
golang.org/x/sys v0.0.0-20210817190340-bfb29a6856f2 h1:c8PlLMqBbOHoqtjteWm5/kbe6rNY2pbRfbIMVnepueo=
golang.org/x/sys v0.0.0-20210817190340-bfb29a6856f2/go.mod h1:oPkhp1MJrh7nUepCBck5+mAzfO9JrbApNNgaTdGDITg=
golang.org/x/term v0.0.0-20201126162022-7de9c90e9dd1/go.mod h1:bj7SfCRtBDWHUb9snDiAeCFNEtKQo2Wmx5Cou7ajbmo=
golang.org/x/term v0.0.0-20210615171337-6886f2dfbf5b h1:9zKuko04nR4gjZ4+DNjHqRlAJqbJETHwiNKDqTfOjfE=
golang.org/x/term v0.0.0-20210615171337-6886f2dfbf5b/go.mod h1:jbD1KX2456YbFQfuXm/mYQcufACuNUgVhRMnK/tPxf8=
golang.org/x/text v0.3.3/go.mod h1:5Zoc/QRtKVWzQhOtBMvqHzDpF6irO9z98xDceosuGiQ=
golang.org/x/text v0.3.6/go.mod h1:5Zoc/QRtKVWzQhOtBMvqHzDpF6irO9z98xDceosuGiQ=
golang.org/x/tools v0.0.0-20180917221912-90fa682c2a6e/go.mod h1:n7NCudcB/nEzxVGmLbDWY5pfWTLqBcC2KZ6jyYvM4mQ=
gopkg.in/check.v1 v0.0.0-20161208181325-20d25e280405/go.mod h1:Co6ibVJAznAaIkqp8huTwlJQCZ016jof/cbN4VW5Yz0=
gopkg.in/yaml.v3 v3.0.0-20200313102051-9f266ea9e77c h1:dUUwHk2QECo/6vqA44rthZ8ie2QXMNeKRTHCNY2nXvo=
gopkg.in/yaml.v3 v3.0.0-20200313102051-9f266ea9e77c/go.mod h1:K4uyk7z7BCEPqu6E+C64Yfv1cQ7kz7rIZviUmN+EgEM=
