# This file is autogenerated, do not edit; changes may be undone by the next 'dep ensure'.


[[projects]]
  branch = "master"
  name = "github.com/hanwen/go-fuse"
  packages = ["fuse","fuse/nodefs","fuse/pathfs","splice"]
  revision = "cf21bc21cac77db799fff95d80e717908e6356a5"

[[projects]]
  branch = "master"
  name = "github.com/jacobsa/crypto"
  packages = ["cmac","common","siv"]
  revision = "c73681c634de898c869684602cf0c0d2ce938c4d"

[[projects]]
  branch = "master"
  name = "github.com/rfjakob/eme"
  packages = ["."]
  revision = "2222dbd4ba467ab3fc7e8af41562fcfe69c0d770"

[[projects]]
  branch = "master"
  name = "golang.org/x/crypto"
  packages = ["hkdf","pbkdf2","scrypt","ssh/terminal"]
  revision = "bd6f299fb381e4c3393d1c4b1f0b94f5e77650c8"

[[projects]]
  branch = "master"
  name = "golang.org/x/sync"
  packages = ["syncmap"]
  revision = "8e0aa688b654ef28caa72506fa5ec8dba9fc7690"

[[projects]]
  branch = "master"
  name = "golang.org/x/sys"
  packages = ["unix","windows"]
  revision = "95c6576299259db960f6c5b9b69ea52422860fce"

[solve-meta]
  analyzer-name = "dep"
  analyzer-version = 1
  inputs-digest = "146e0ce80d2f3218b67980d099db45a0e27383d18c0ca03ef29ab99382797c68"
  solver-name = "gps-cdcl"
  solver-version = 1
