# This file is autogenerated, do not edit; changes may be undone by the next 'dep ensure'.


[[projects]]
  branch = "master"
  name = "github.com/hanwen/go-fuse"
  packages = [
    "fuse",
    "fuse/nodefs",
    "fuse/pathfs",
    "splice"
  ]
  revision = "a9ddcb8a4b609500fc59c89ccc9ee05f00a5fefd"

[[projects]]
  branch = "master"
  name = "github.com/jacobsa/crypto"
  packages = [
    "cmac",
    "common",
    "siv"
  ]
  revision = "c73681c634de898c869684602cf0c0d2ce938c4d"

[[projects]]
  name = "github.com/pkg/xattr"
  packages = ["."]
  revision = "d15dbc2bb0b5da267362b5e066e2c44c1fcff6c7"
  version = "v0.3.0"

[[projects]]
  branch = "master"
  name = "github.com/rfjakob/eme"
  packages = ["."]
  revision = "2222dbd4ba467ab3fc7e8af41562fcfe69c0d770"

[[projects]]
  branch = "master"
  name = "golang.org/x/crypto"
  packages = [
    "hkdf",
    "pbkdf2",
    "scrypt",
    "ssh/terminal"
  ]
  revision = "374053ea96cb300f8671b8d3b07edeeb06e203b4"

[[projects]]
  branch = "master"
  name = "golang.org/x/sync"
  packages = ["syncmap"]
  revision = "1d60e4601c6fd243af51cc01ddf169918a5407ca"

[[projects]]
  branch = "master"
  name = "golang.org/x/sys"
  packages = [
    "unix",
    "windows"
  ]
  revision = "01acb38716e021ed1fc03a602bdb5838e1358c5e"

[solve-meta]
  analyzer-name = "dep"
  analyzer-version = 1
  inputs-digest = "87707528925922b2a829b58ba182930ca2a1b0aeef89cca642ecca25259677a2"
  solver-name = "gps-cdcl"
  solver-version = 1
